// !$*UTF8*$!
{
	archiveVersion = 1;
	classes = {
	};
	objectVersion = 50;
	objects = {

/* Begin PBXBuildFile section */
		84F3358124860DB4003BC2E0 /* AppDelegate.swift in Sources */ = {isa = PBXBuildFile; fileRef = 84F3358024860DB4003BC2E0 /* AppDelegate.swift */; };
		84F3358324860DB4003BC2E0 /* SceneDelegate.swift in Sources */ = {isa = PBXBuildFile; fileRef = 84F3358224860DB4003BC2E0 /* SceneDelegate.swift */; };
		84F3358524860DB4003BC2E0 /* ViewController.swift in Sources */ = {isa = PBXBuildFile; fileRef = 84F3358424860DB4003BC2E0 /* ViewController.swift */; };
		84F3358824860DB4003BC2E0 /* Main.storyboard in Resources */ = {isa = PBXBuildFile; fileRef = 84F3358624860DB4003BC2E0 /* Main.storyboard */; };
		84F3358B24860DB4003BC2E0 /* HWls7_RigaViktor.xcdatamodeld in Sources */ = {isa = PBXBuildFile; fileRef = 84F3358924860DB4003BC2E0 /* HWls7_RigaViktor.xcdatamodeld */; };
		84F3358D24860DB8003BC2E0 /* Assets.xcassets in Resources */ = {isa = PBXBuildFile; fileRef = 84F3358C24860DB8003BC2E0 /* Assets.xcassets */; };
		84F3359024860DB8003BC2E0 /* LaunchScreen.storyboard in Resources */ = {isa = PBXBuildFile; fileRef = 84F3358E24860DB8003BC2E0 /* LaunchScreen.storyboard */; };
/* End PBXBuildFile section */

/* Begin PBXFileReference section */
		84F3357D24860DB4003BC2E0 /* HWls7_RigaViktor.app */ = {isa = PBXFileReference; explicitFileType = wrapper.application; includeInIndex = 0; path = HWls7_RigaViktor.app; sourceTree = BUILT_PRODUCTS_DIR; };
		84F3358024860DB4003BC2E0 /* AppDelegate.swift */ = {isa = PBXFileReference; lastKnownFileType = sourcecode.swift; path = AppDelegate.swift; sourceTree = "<group>"; };
		84F3358224860DB4003BC2E0 /* SceneDelegate.swift */ = {isa = PBXFileReference; lastKnownFileType = sourcecode.swift; path = SceneDelegate.swift; sourceTree = "<group>"; };
		84F3358424860DB4003BC2E0 /* ViewController.swift */ = {isa = PBXFileReference; lastKnownFileType = sourcecode.swift; path = ViewController.swift; sourceTree = "<group>"; };
		84F3358724860DB4003BC2E0 /* Base */ = {isa = PBXFileReference; lastKnownFileType = file.storyboard; name = Base; path = Base.lproj/Main.storyboard; sourceTree = "<group>"; };
		84F3358A24860DB4003BC2E0 /* HWls7_RigaViktor.xcdatamodel */ = {isa = PBXFileReference; lastKnownFileType = wrapper.xcdatamodel; path = HWls7_RigaViktor.xcdatamodel; sourceTree = "<group>"; };
		84F3358C24860DB8003BC2E0 /* Assets.xcassets */ = {isa = PBXFileReference; lastKnownFileType = folder.assetcatalog; path = Assets.xcassets; sourceTree = "<group>"; };
		84F3358F24860DB8003BC2E0 /* Base */ = {isa = PBXFileReference; lastKnownFileType = file.storyboard; name = Base; path = Base.lproj/LaunchScreen.storyboard; sourceTree = "<group>"; };
		84F3359124860DB8003BC2E0 /* Info.plist */ = {isa = PBXFileReference; lastKnownFileType = text.plist.xml; path = Info.plist; sourceTree = "<group>"; };
/* End PBXFileReference section */

/* Begin PBXFrameworksBuildPhase section */
		84F3357A24860DB4003BC2E0 /* Frameworks */ = {
			isa = PBXFrameworksBuildPhase;
			buildActionMask = 2147483647;
			files = (
			);
			runOnlyForDeploymentPostprocessing = 0;
		};
/* End PBXFrameworksBuildPhase section */

/* Begin PBXGroup section */
		84F3357424860DB4003BC2E0 = {
			isa = PBXGroup;
			children = (
				84F3357F24860DB4003BC2E0 /* HWls7_RigaViktor */,
				84F3357E24860DB4003BC2E0 /* Products */,
			);
			sourceTree = "<group>";
		};
		84F3357E24860DB4003BC2E0 /* Products */ = {
			isa = PBXGroup;
			children = (
				84F3357D24860DB4003BC2E0 /* HWls7_RigaViktor.app */,
			);
			name = Products;
			sourceTree = "<group>";
		};
		84F3357F24860DB4003BC2E0 /* HWls7_RigaViktor */ = {
			isa = PBXGroup;
			children = (
				84F3358024860DB4003BC2E0 /* AppDelegate.swift */,
				84F3358224860DB4003BC2E0 /* SceneDelegate.swift */,
				84F3358424860DB4003BC2E0 /* ViewController.swift */,
				84F3358624860DB4003BC2E0 /* Main.storyboard */,
				84F3358C24860DB8003BC2E0 /* Assets.xcassets */,
				84F3358E24860DB8003BC2E0 /* LaunchScreen.storyboard */,
				84F3359124860DB8003BC2E0 /* Info.plist */,
				84F3358924860DB4003BC2E0 /* HWls7_RigaViktor.xcdatamodeld */,
			);
			path = HWls7_RigaViktor;
			sourceTree = "<group>";
		};
/* End PBXGroup section */

/* Begin PBXNativeTarget section */
		84F3357C24860DB4003BC2E0 /* HWls7_RigaViktor */ = {
			isa = PBXNativeTarget;
			buildConfigurationList = 84F3359424860DB8003BC2E0 /* Build configuration list for PBXNativeTarget "HWls7_RigaViktor" */;
			buildPhases = (
				84F3357924860DB4003BC2E0 /* Sources */,
				84F3357A24860DB4003BC2E0 /* Frameworks */,
				84F3357B24860DB4003BC2E0 /* Resources */,
			);
			buildRules = (
			);
			dependencies = (
			);
			name = HWls7_RigaViktor;
			productName = HWls7_RigaViktor;
			productReference = 84F3357D24860DB4003BC2E0 /* HWls7_RigaViktor.app */;
			productType = "com.apple.product-type.application";
		};
/* End PBXNativeTarget section */

/* Begin PBXProject section */
		84F3357524860DB4003BC2E0 /* Project object */ = {
			isa = PBXProject;
			attributes = {
				LastSwiftUpdateCheck = 1150;
				LastUpgradeCheck = 1150;
				ORGANIZATIONNAME = "Viktor Riga";
				TargetAttributes = {
					84F3357C24860DB4003BC2E0 = {
						CreatedOnToolsVersion = 11.5;
					};
				};
			};
			buildConfigurationList = 84F3357824860DB4003BC2E0 /* Build configuration list for PBXProject "HWls7_RigaViktor" */;
			compatibilityVersion = "Xcode 9.3";
			developmentRegion = en;
			hasScannedForEncodings = 0;
			knownRegions = (
				en,
				Base,
			);
			mainGroup = 84F3357424860DB4003BC2E0;
			productRefGroup = 84F3357E24860DB4003BC2E0 /* Products */;
			projectDirPath = "";
			projectRoot = "";
			targets = (
				84F3357C24860DB4003BC2E0 /* HWls7_RigaViktor */,
			);
		};
/* End PBXProject section */

/* Begin PBXResourcesBuildPhase section */
		84F3357B24860DB4003BC2E0 /* Resources */ = {
			isa = PBXResourcesBuildPhase;
			buildActionMask = 2147483647;
			files = (
				84F3359024860DB8003BC2E0 /* LaunchScreen.storyboard in Resources */,
				84F3358D24860DB8003BC2E0 /* Assets.xcassets in Resources */,
				84F3358824860DB4003BC2E0 /* Main.storyboard in Resources */,
			);
			runOnlyForDeploymentPostprocessing = 0;
		};
/* End PBXResourcesBuildPhase section */

/* Begin PBXSourcesBuildPhase section */
		84F3357924860DB4003BC2E0 /* Sources */ = {
			isa = PBXSourcesBuildPhase;
			buildActionMask = 2147483647;
			files = (
				84F3358524860DB4003BC2E0 /* ViewController.swift in Sources */,
				84F3358124860DB4003BC2E0 /* AppDelegate.swift in Sources */,
				84F3358324860DB4003BC2E0 /* SceneDelegate.swift in Sources */,
				84F3358B24860DB4003BC2E0 /* HWls7_RigaViktor.xcdatamodeld in Sources */,
			);
			runOnlyForDeploymentPostprocessing = 0;
		};
/* End PBXSourcesBuildPhase section */

/* Begin PBXVariantGroup section */
		84F3358624860DB4003BC2E0 /* Main.storyboard */ = {
			isa = PBXVariantGroup;
			children = (
				84F3358724860DB4003BC2E0 /* Base */,
			);
			name = Main.storyboard;
			sourceTree = "<group>";
		};
		84F3358E24860DB8003BC2E0 /* LaunchScreen.storyboard */ = {
			isa = PBXVariantGroup;
			children = (
				84F3358F24860DB8003BC2E0 /* Base */,
			);
			name = LaunchScreen.storyboard;
			sourceTree = "<group>";
		};
/* End PBXVariantGroup section */

/* Begin XCBuildConfiguration section */
		84F3359224860DB8003BC2E0 /* Debug */ = {
			isa = XCBuildConfiguration;
			buildSettings = {
				ALWAYS_SEARCH_USER_PATHS = NO;
				CLANG_ANALYZER_NONNULL = YES;
				CLANG_ANALYZER_NUMBER_OBJECT_CONVERSION = YES_AGGRESSIVE;
				CLANG_CXX_LANGUAGE_STANDARD = "gnu++14";
				CLANG_CXX_LIBRARY = "libc++";
				CLANG_ENABLE_MODULES = YES;
				CLANG_ENABLE_OBJC_ARC = YES;
				CLANG_ENABLE_OBJC_WEAK = YES;
				CLANG_WARN_BLOCK_CAPTURE_AUTORELEASING = YES;
				CLANG_WARN_BOOL_CONVERSION = YES;
				CLANG_WARN_COMMA = YES;
				CLANG_WARN_CONSTANT_CONVERSION = YES;
				CLANG_WARN_DEPRECATED_OBJC_IMPLEMENTATIONS = YES;
				CLANG_WARN_DIRECT_OBJC_ISA_USAGE = YES_ERROR;
				CLANG_WARN_DOCUMENTATION_COMMENTS = YES;
				CLANG_WARN_EMPTY_BODY = YES;
				CLANG_WARN_ENUM_CONVERSION = YES;
				CLANG_WARN_INFINITE_RECURSION = YES;
				CLANG_WARN_INT_CONVERSION = YES;
				CLANG_WARN_NON_LITERAL_NULL_CONVERSION = YES;
				CLANG_WARN_OBJC_IMPLICIT_RETAIN_SELF = YES;
				CLANG_WARN_OBJC_LITERAL_CONVERSION = YES;
				CLANG_WARN_OBJC_ROOT_CLASS = YES_ERROR;
				CLANG_WARN_RANGE_LOOP_ANALYSIS = YES;
				CLANG_WARN_STRICT_PROTOTYPES = YES;
				CLANG_WARN_SUSPICIOUS_MOVE = YES;
				CLANG_WARN_UNGUARDED_AVAILABILITY = YES_AGGRESSIVE;
				CLANG_WARN_UNREACHABLE_CODE = YES;
				CLANG_WARN__DUPLICATE_METHOD_MATCH = YES;
				COPY_PHASE_STRIP = NO;
				DEBUG_INFORMATION_FORMAT = dwarf;
				ENABLE_STRICT_OBJC_MSGSEND = YES;
				ENABLE_TESTABILITY = YES;
				GCC_C_LANGUAGE_STANDARD = gnu11;
				GCC_DYNAMIC_NO_PIC = NO;
				GCC_NO_COMMON_BLOCKS = YES;
				GCC_OPTIMIZATION_LEVEL = 0;
				GCC_PREPROCESSOR_DEFINITIONS = (
					"DEBUG=1",
					"$(inherited)",
				);
				GCC_WARN_64_TO_32_BIT_CONVERSION = YES;
				GCC_WARN_ABOUT_RETURN_TYPE = YES_ERROR;
				GCC_WARN_UNDECLARED_SELECTOR = YES;
				GCC_WARN_UNINITIALIZED_AUTOS = YES_AGGRESSIVE;
				GCC_WARN_UNUSED_FUNCTION = YES;
				GCC_WARN_UNUSED_VARIABLE = YES;
				IPHONEOS_DEPLOYMENT_TARGET = 13.5;
				MTL_ENABLE_DEBUG_INFO = INCLUDE_SOURCE;
				MTL_FAST_MATH = YES;
				ONLY_ACTIVE_ARCH = YES;
				SDKROOT = iphoneos;
				SWIFT_ACTIVE_COMPILATION_CONDITIONS = DEBUG;
				SWIFT_OPTIMIZATION_LEVEL = "-Onone";
			};
			name = Debug;
		};
		84F3359324860DB8003BC2E0 /* Release */ = {
			isa = XCBuildConfiguration;
			buildSettings = {
				ALWAYS_SEARCH_USER_PATHS = NO;
				CLANG_ANALYZER_NONNULL = YES;
				CLANG_ANALYZER_NUMBER_OBJECT_CONVERSION = YES_AGGRESSIVE;
				CLANG_CXX_LANGUAGE_STANDARD = "gnu++14";
				CLANG_CXX_LIBRARY = "libc++";
				CLANG_ENABLE_MODULES = YES;
				CLANG_ENABLE_OBJC_ARC = YES;
				CLANG_ENABLE_OBJC_WEAK = YES;
				CLANG_WARN_BLOCK_CAPTURE_AUTORELEASING = YES;
				CLANG_WARN_BOOL_CONVERSION = YES;
				CLANG_WARN_COMMA = YES;
				CLANG_WARN_CONSTANT_CONVERSION = YES;
				CLANG_WARN_DEPRECATED_OBJC_IMPLEMENTATIONS = YES;
				CLANG_WARN_DIRECT_OBJC_ISA_USAGE = YES_ERROR;
				CLANG_WARN_DOCUMENTATION_COMMENTS = YES;
				CLANG_WARN_EMPTY_BODY = YES;
				CLANG_WARN_ENUM_CONVERSION = YES;
				CLANG_WARN_INFINITE_RECURSION = YES;
				CLANG_WARN_INT_CONVERSION = YES;
				CLANG_WARN_NON_LITERAL_NULL_CONVERSION = YES;
				CLANG_WARN_OBJC_IMPLICIT_RETAIN_SELF = YES;
				CLANG_WARN_OBJC_LITERAL_CONVERSION = YES;
				CLANG_WARN_OBJC_ROOT_CLASS = YES_ERROR;
				CLANG_WARN_RANGE_LOOP_ANALYSIS = YES;
				CLANG_WARN_STRICT_PROTOTYPES = YES;
				CLANG_WARN_SUSPICIOUS_MOVE = YES;
				CLANG_WARN_UNGUARDED_AVAILABILITY = YES_AGGRESSIVE;
				CLANG_WARN_UNREACHABLE_CODE = YES;
				CLANG_WARN__DUPLICATE_METHOD_MATCH = YES;
				COPY_PHASE_STRIP = NO;
				DEBUG_INFORMATION_FORMAT = "dwarf-with-dsym";
				ENABLE_NS_ASSERTIONS = NO;
				ENABLE_STRICT_OBJC_MSGSEND = YES;
				GCC_C_LANGUAGE_STANDARD = gnu11;
				GCC_NO_COMMON_BLOCKS = YES;
				GCC_WARN_64_TO_32_BIT_CONVERSION = YES;
				GCC_WARN_ABOUT_RETURN_TYPE = YES_ERROR;
				GCC_WARN_UNDECLARED_SELECTOR = YES;
				GCC_WARN_UNINITIALIZED_AUTOS = YES_AGGRESSIVE;
				GCC_WARN_UNUSED_FUNCTION = YES;
				GCC_WARN_UNUSED_VARIABLE = YES;
				IPHONEOS_DEPLOYMENT_TARGET = 13.5;
				MTL_ENABLE_DEBUG_INFO = NO;
				MTL_FAST_MATH = YES;
				SDKROOT = iphoneos;
				SWIFT_COMPILATION_MODE = wholemodule;
				SWIFT_OPTIMIZATION_LEVEL = "-O";
				VALIDATE_PRODUCT = YES;
			};
			name = Release;
		};
		84F3359524860DB8003BC2E0 /* Debug */ = {
			isa = XCBuildConfiguration;
			buildSettings = {
				ASSETCATALOG_COMPILER_APPICON_NAME = AppIcon;
				CODE_SIGN_STYLE = Automatic;
				DEVELOPMENT_TEAM = J2WT7366K5;
				INFOPLIST_FILE = HWls7_RigaViktor/Info.plist;
				LD_RUNPATH_SEARCH_PATHS = (
					"$(inherited)",
					"@executable_path/Frameworks",
				);
				PRODUCT_BUNDLE_IDENTIFIER = "com.home.HWls7-RigaViktor";
				PRODUCT_NAME = "$(TARGET_NAME)";
				SWIFT_VERSION = 5.0;
				TARGETED_DEVICE_FAMILY = "1,2";
			};
			name = Debug;
		};
		84F3359624860DB8003BC2E0 /* Release */ = {
			isa = XCBuildConfiguration;
			buildSettings = {
				ASSETCATALOG_COMPILER_APPICON_NAME = AppIcon;
				CODE_SIGN_STYLE = Automatic;
				DEVELOPMENT_TEAM = J2WT7366K5;
				INFOPLIST_FILE = HWls7_RigaViktor/Info.plist;
				LD_RUNPATH_SEARCH_PATHS = (
					"$(inherited)",
					"@executable_path/Frameworks",
				);
				PRODUCT_BUNDLE_IDENTIFIER = "com.home.HWls7-RigaViktor";
				PRODUCT_NAME = "$(TARGET_NAME)";
				SWIFT_VERSION = 5.0;
				TARGETED_DEVICE_FAMILY = "1,2";
			};
			name = Release;
		};
/* End XCBuildConfiguration section */

/* Begin XCConfigurationList section */
		84F3357824860DB4003BC2E0 /* Build configuration list for PBXProject "HWls7_RigaViktor" */ = {
			isa = XCConfigurationList;
			buildConfigurations = (
				84F3359224860DB8003BC2E0 /* Debug */,
				84F3359324860DB8003BC2E0 /* Release */,
			);
			defaultConfigurationIsVisible = 0;
			defaultConfigurationName = Release;
		};
		84F3359424860DB8003BC2E0 /* Build configuration list for PBXNativeTarget "HWls7_RigaViktor" */ = {
			isa = XCConfigurationList;
			buildConfigurations = (
				84F3359524860DB8003BC2E0 /* Debug */,
				84F3359624860DB8003BC2E0 /* Release */,
			);
			defaultConfigurationIsVisible = 0;
			defaultConfigurationName = Release;
		};
/* End XCConfigurationList section */

/* Begin XCVersionGroup section */
		84F3358924860DB4003BC2E0 /* HWls7_RigaViktor.xcdatamodeld */ = {
			isa = XCVersionGroup;
			children = (
				84F3358A24860DB4003BC2E0 /* HWls7_RigaViktor.xcdatamodel */,
			);
			currentVersion = 84F3358A24860DB4003BC2E0 /* HWls7_RigaViktor.xcdatamodel */;
			path = HWls7_RigaViktor.xcdatamodeld;
			sourceTree = "<group>";
			versionGroupType = wrapper.xcdatamodel;
		};
/* End XCVersionGroup section */
	};
	rootObject = 84F3357524860DB4003BC2E0 /* Project object */;
}
